
Microsoft Visual Studio Solution File, Format Version 12.00
# Visual Studio Version 16
VisualStudioVersion = 16.0.29509.3
MinimumVisualStudioVersion = 10.0.40219.1
Project("{FAE04EC0-301F-11D3-BF4B-00C04F79EFBC}") = "Edecasa", "Edecasa\Edecasa.csproj", "{437002CD-BB33-4C19-89A6-1D105DF55626}"
EndProject
Global
	GlobalSection(SolutionConfigurationPlatforms) = preSolution
		Debug|Any CPU = Debug|Any CPU
		Release|Any CPU = Release|Any CPU
	EndGlobalSection
	GlobalSection(ProjectConfigurationPlatforms) = postSolution
		{437002CD-BB33-4C19-89A6-1D105DF55626}.Debug|Any CPU.ActiveCfg = Debug|Any CPU
		{437002CD-BB33-4C19-89A6-1D105DF55626}.Debug|Any CPU.Build.0 = Debug|Any CPU
		{437002CD-BB33-4C19-89A6-1D105DF55626}.Release|Any CPU.ActiveCfg = Release|Any CPU
		{437002CD-BB33-4C19-89A6-1D105DF55626}.Release|Any CPU.Build.0 = Release|Any CPU
	EndGlobalSection
	GlobalSection(SolutionProperties) = preSolution
		HideSolutionNode = FALSE
	EndGlobalSection
	GlobalSection(ExtensibilityGlobals) = postSolution
		SolutionGuid = {4146CD74-D1B6-464D-9A93-241D49F6C6ED}
	EndGlobalSection
EndGlobal
